
Microsoft Visual Studio Solution File, Format Version 12.00
# Visual Studio Version 17
VisualStudioVersion = 17.0.32014.148
MinimumVisualStudioVersion = 10.0.40219.1
Project("{FAE04EC0-301F-11D3-BF4B-00C04F79EFBC}") = "CSharp", "CSharp\CSharp.csproj", "{89D5AA16-2DE0-4960-ADAC-5AFCC861AC88}"
EndProject
Global
	GlobalSection(SolutionConfigurationPlatforms) = preSolution
		Debug|Any CPU = Debug|Any CPU
		Release|Any CPU = Release|Any CPU
	EndGlobalSection
	GlobalSection(ProjectConfigurationPlatforms) = postSolution
		{89D5AA16-2DE0-4960-ADAC-5AFCC861AC88}.Debug|Any CPU.ActiveCfg = Debug|Any CPU
		{89D5AA16-2DE0-4960-ADAC-5AFCC861AC88}.Debug|Any CPU.Build.0 = Debug|Any CPU
		{89D5AA16-2DE0-4960-ADAC-5AFCC861AC88}.Release|Any CPU.ActiveCfg = Release|Any CPU
		{89D5AA16-2DE0-4960-ADAC-5AFCC861AC88}.Release|Any CPU.Build.0 = Release|Any CPU
	EndGlobalSection
	GlobalSection(SolutionProperties) = preSolution
		HideSolutionNode = FALSE
	EndGlobalSection
	GlobalSection(ExtensibilityGlobals) = postSolution
		SolutionGuid = {80151D3A-902A-40AF-9E92-EF9917B17D53}
	EndGlobalSection
EndGlobal
